{
  "name": "map",
  "version": "1.0.0",
  "lockfileVersion": 1,
  "requires": true,
  "dependencies": {
    "@types/geojson": {
      "version": "1.0.6",
      "resolved": "https://registry.npmjs.org/@types/geojson/-/geojson-1.0.6.tgz",
      "integrity": "sha512-Xqg/lIZMrUd0VRmSRbCAewtwGZiAk3mEUDvV4op1tGl+LvyPcb/MIOSxTl9z+9+J+R4/vpjiCAT4xeKzH9ji1w=="
    },
    "@types/leaflet": {
      "version": "0.7.31",
      "resolved": "https://registry.npmjs.org/@types/leaflet/-/leaflet-0.7.31.tgz",
      "integrity": "sha512-FuLJVutD6LuX+s4K+s8s1qWZAUDs8ljkrMpeI4krwzyFVS7CvSeHERrIYQzAnrZdmm8hglu62mL6klfDS/IhBA==",
      "requires": {
        "@types/geojson": "1.0.6"
      }
    },
    "leaflet": {
      "version": "1.2.0",
      "resolved": "https://registry.npmjs.org/leaflet/-/leaflet-1.2.0.tgz",
      "integrity": "sha512-Bold8phAE6WcRsuwhofrQ7cOK1REFHaYIkKuj7+TBYK3ONKRpGGIb5oXR5akYotFnrWN0TWKh6Svlhflm3dogg=="
    }
  }
}
